
Microsoft Visual Studio Solution File, Format Version 12.00
# Visual Studio 15
VisualStudioVersion = 15.0.28307.489
MinimumVisualStudioVersion = 10.0.40219.1
Project("{FAE04EC0-301F-11D3-BF4B-00C04F79EFBC}") = "BookKeeping", "BookKeeping\BookKeeping.csproj", "{144EF050-FE75-42BB-9057-B60C7E135573}"
EndProject
Project("{FAE04EC0-301F-11D3-BF4B-00C04F79EFBC}") = "DataAccess", "DataAccess\DataAccess.csproj", "{F4A97BF8-B494-4750-B9E9-B253D5930008}"
EndProject
Global
	GlobalSection(SolutionConfigurationPlatforms) = preSolution
		Debug|Any CPU = Debug|Any CPU
		Release|Any CPU = Release|Any CPU
	EndGlobalSection
	GlobalSection(ProjectConfigurationPlatforms) = postSolution
		{144EF050-FE75-42BB-9057-B60C7E135573}.Debug|Any CPU.ActiveCfg = Debug|Any CPU
		{144EF050-FE75-42BB-9057-B60C7E135573}.Debug|Any CPU.Build.0 = Debug|Any CPU
		{144EF050-FE75-42BB-9057-B60C7E135573}.Release|Any CPU.ActiveCfg = Release|Any CPU
		{144EF050-FE75-42BB-9057-B60C7E135573}.Release|Any CPU.Build.0 = Release|Any CPU
		{F4A97BF8-B494-4750-B9E9-B253D5930008}.Debug|Any CPU.ActiveCfg = Debug|Any CPU
		{F4A97BF8-B494-4750-B9E9-B253D5930008}.Debug|Any CPU.Build.0 = Debug|Any CPU
		{F4A97BF8-B494-4750-B9E9-B253D5930008}.Release|Any CPU.ActiveCfg = Release|Any CPU
		{F4A97BF8-B494-4750-B9E9-B253D5930008}.Release|Any CPU.Build.0 = Release|Any CPU
	EndGlobalSection
	GlobalSection(SolutionProperties) = preSolution
		HideSolutionNode = FALSE
	EndGlobalSection
	GlobalSection(ExtensibilityGlobals) = postSolution
		SolutionGuid = {ACC7A515-E743-4E41-98D3-582ED82947A8}
	EndGlobalSection
EndGlobal
